
Microsoft Visual Studio Solution File, Format Version 12.00
# Visual Studio Version 17
VisualStudioVersion = 17.6.33829.357
MinimumVisualStudioVersion = 10.0.40219.1
Project("{FAE04EC0-301F-11D3-BF4B-00C04F79EFBC}") = "KisiselWebProjesi", "KisiselWebProjesi\KisiselWebProjesi.csproj", "{EDEF4060-DF4E-482B-955A-B74C1D25354A}"
EndProject
Project("{2150E333-8FDC-42A3-9474-1A3956D46DE8}") = "Solution Items", "Solution Items", "{CB6DFE58-6B73-432B-84CF-1DD405018F93}"
	ProjectSection(SolutionItems) = preProject
		.editorconfig = .editorconfig
	EndProjectSection
EndProject
Global
	GlobalSection(SolutionConfigurationPlatforms) = preSolution
		Debug|Any CPU = Debug|Any CPU
		Release|Any CPU = Release|Any CPU
	EndGlobalSection
	GlobalSection(ProjectConfigurationPlatforms) = postSolution
		{EDEF4060-DF4E-482B-955A-B74C1D25354A}.Debug|Any CPU.ActiveCfg = Debug|Any CPU
		{EDEF4060-DF4E-482B-955A-B74C1D25354A}.Debug|Any CPU.Build.0 = Debug|Any CPU
		{EDEF4060-DF4E-482B-955A-B74C1D25354A}.Release|Any CPU.ActiveCfg = Release|Any CPU
		{EDEF4060-DF4E-482B-955A-B74C1D25354A}.Release|Any CPU.Build.0 = Release|Any CPU
	EndGlobalSection
	GlobalSection(SolutionProperties) = preSolution
		HideSolutionNode = FALSE
	EndGlobalSection
	GlobalSection(ExtensibilityGlobals) = postSolution
		SolutionGuid = {CE23701B-93B2-4719-9D43-838FCCA83FFE}
	EndGlobalSection
EndGlobal
